
Microsoft Visual Studio Solution File, Format Version 12.00
# Visual Studio Version 17
VisualStudioVersion = 17.14.36717.8
MinimumVisualStudioVersion = 10.0.40219.1
Project("{FAE04EC0-301F-11D3-BF4B-00C04F79EFBC}") = "Ritarin_seikkailut", "Ritarin_seikkailut\Ritarin_seikkailut.csproj", "{AC7A74FB-EA12-443C-BFC0-067C3EFCE73D}"
EndProject
Project("{FAE04EC0-301F-11D3-BF4B-00C04F79EFBC}") = "Ritarin_sekoilut", "Ritarin_sekoilut\Ritarin_sekoilut.csproj", "{3684A0E0-586F-414B-876F-7CD2E1EC2872}"
EndProject
Global
	GlobalSection(SolutionConfigurationPlatforms) = preSolution
		Debug|Any CPU = Debug|Any CPU
		Release|Any CPU = Release|Any CPU
	EndGlobalSection
	GlobalSection(ProjectConfigurationPlatforms) = postSolution
		{AC7A74FB-EA12-443C-BFC0-067C3EFCE73D}.Debug|Any CPU.ActiveCfg = Debug|Any CPU
		{AC7A74FB-EA12-443C-BFC0-067C3EFCE73D}.Debug|Any CPU.Build.0 = Debug|Any CPU
		{AC7A74FB-EA12-443C-BFC0-067C3EFCE73D}.Release|Any CPU.ActiveCfg = Release|Any CPU
		{AC7A74FB-EA12-443C-BFC0-067C3EFCE73D}.Release|Any CPU.Build.0 = Release|Any CPU
		{3684A0E0-586F-414B-876F-7CD2E1EC2872}.Debug|Any CPU.ActiveCfg = Debug|Any CPU
		{3684A0E0-586F-414B-876F-7CD2E1EC2872}.Debug|Any CPU.Build.0 = Debug|Any CPU
		{3684A0E0-586F-414B-876F-7CD2E1EC2872}.Release|Any CPU.ActiveCfg = Release|Any CPU
		{3684A0E0-586F-414B-876F-7CD2E1EC2872}.Release|Any CPU.Build.0 = Release|Any CPU
	EndGlobalSection
	GlobalSection(SolutionProperties) = preSolution
		HideSolutionNode = FALSE
	EndGlobalSection
	GlobalSection(ExtensibilityGlobals) = postSolution
		SolutionGuid = {AC84E3B3-07B1-4CA2-A775-45B59769DA1A}
	EndGlobalSection
EndGlobal
